PODS:
  - AFNetworking (4.0.1):
    - AFNetworking/NSURLSession (= 4.0.1)
    - AFNetworking/Reachability (= 4.0.1)
    - AFNetworking/Security (= 4.0.1)
    - AFNetworking/Serialization (= 4.0.1)
    - AFNetworking/UIKit (= 4.0.1)
  - AFNetworking/NSURLSession (4.0.1):
    - AFNetworking/Reachability
    - AFNetworking/Security
    - AFNetworking/Serialization
  - AFNetworking/Reachability (4.0.1)
  - AFNetworking/Security (4.0.1)
  - AFNetworking/Serialization (4.0.1)
  - AFNetworking/UIKit (4.0.1):
    - AFNetworking/NSURLSession

DEPENDENCIES:
  - "AFNetworking (from `git@github.com:AFNetworking/AFNetworking.git`, branch `master`)"

EXTERNAL SOURCES:
  AFNetworking:
    :branch: master
    :git: "git@github.com:AFNetworking/AFNetworking.git"

CHECKOUT OPTIONS:
  AFNetworking:
    :commit: 6dc5ae8efb40dc04c0f180dd7da8d7a7712d78be
    :git: "git@github.com:AFNetworking/AFNetworking.git"

SPEC CHECKSUMS:
  AFNetworking: 7864c38297c79aaca1500c33288e429c3451fdce

PODFILE CHECKSUM: e6bd241c06d441b532825447ec10b9bad7b999d3

COCOAPODS: 1.9.3
